// !$*UTF8*$!
{
	archiveVersion = 1;
	classes = {
	};
	objectVersion = 77;
	objects = {

/* Begin PBXContainerItemProxy section */
		EC197AA02DFAA38C00CBA965 /* PBXContainerItemProxy */ = {
			isa = PBXContainerItemProxy;
			containerPortal = EC197A8A2DFAA38A00CBA965 /* Project object */;
			proxyType = 1;
			remoteGlobalIDString = EC197A912DFAA38A00CBA965;
			remoteInfo = weatherman;
		};
		EC197AAA2DFAA38C00CBA965 /* PBXContainerItemProxy */ = {
			isa = PBXContainerItemProxy;
			containerPortal = EC197A8A2DFAA38A00CBA965 /* Project object */;
			proxyType = 1;
			remoteGlobalIDString = EC197A912DFAA38A00CBA965;
			remoteInfo = weatherman;
		};
/* End PBXContainerItemProxy section */

/* Begin PBXFileReference section */
		EC197A922DFAA38A00CBA965 /* weatherman.app */ = {isa = PBXFileReference; explicitFileType = wrapper.application; includeInIndex = 0; path = weatherman.app; sourceTree = BUILT_PRODUCTS_DIR; };
		EC197A9F2DFAA38C00CBA965 /* weathermanTests.xctest */ = {isa = PBXFileReference; explicitFileType = wrapper.cfbundle; includeInIndex = 0; path = weathermanTests.xctest; sourceTree = BUILT_PRODUCTS_DIR; };
		EC197AA92DFAA38C00CBA965 /* weathermanUITests.xctest */ = {isa = PBXFileReference; explicitFileType = wrapper.cfbundle; includeInIndex = 0; path = weathermanUITests.xctest; sourceTree = BUILT_PRODUCTS_DIR; };
/* End PBXFileReference section */

/* Begin PBXFileSystemSynchronizedBuildFileExceptionSet section */
		EC197ABD2DFAB64600CBA965 /* Exceptions for "weatherman" folder in "weatherman" target */ = {
			isa = PBXFileSystemSynchronizedBuildFileExceptionSet;
			membershipExceptions = (
				Info.plist,
			);
			target = EC197A912DFAA38A00CBA965 /* weatherman */;
		};
/* End PBXFileSystemSynchronizedBuildFileExceptionSet section */

/* Begin PBXFileSystemSynchronizedRootGroup section */
		EC197A942DFAA38A00CBA965 /* weatherman */ = {
			isa = PBXFileSystemSynchronizedRootGroup;
			exceptions = (
				EC197ABD2DFAB64600CBA965 /* Exceptions for "weatherman" folder in "weatherman" target */,
			);
			path = weatherman;
			sourceTree = "<group>";
		};
		EC197AA22DFAA38C00CBA965 /* weathermanTests */ = {
			isa = PBXFileSystemSynchronizedRootGroup;
			path = weathermanTests;
			sourceTree = "<group>";
		};
		EC197AAC2DFAA38C00CBA965 /* weathermanUITests */ = {
			isa = PBXFileSystemSynchronizedRootGroup;
			path = weathermanUITests;
			sourceTree = "<group>";
		};
/* End PBXFileSystemSynchronizedRootGroup section */

/* Begin PBXFrameworksBuildPhase section */
		EC197A8F2DFAA38A00CBA965 /* Frameworks */ = {
			isa = PBXFrameworksBuildPhase;
			buildActionMask = 2147483647;
			files = (
			);
			runOnlyForDeploymentPostprocessing = 0;
		};
		EC197A9C2DFAA38C00CBA965 /* Frameworks */ = {
			isa = PBXFrameworksBuildPhase;
			buildActionMask = 2147483647;
			files = (
			);
			runOnlyForDeploymentPostprocessing = 0;
		};
		EC197AA62DFAA38C00CBA965 /* Frameworks */ = {
			isa = PBXFrameworksBuildPhase;
			buildActionMask = 2147483647;
			files = (
			);
			runOnlyForDeploymentPostprocessing = 0;
		};
/* End PBXFrameworksBuildPhase section */

/* Begin PBXGroup section */
		EC197A892DFAA38A00CBA965 = {
			isa = PBXGroup;
			children = (
				EC197A942DFAA38A00CBA965 /* weatherman */,
				EC197AA22DFAA38C00CBA965 /* weathermanTests */,
				EC197AAC2DFAA38C00CBA965 /* weathermanUITests */,
				EC197A932DFAA38A00CBA965 /* Products */,
			);
			sourceTree = "<group>";
		};
		EC197A932DFAA38A00CBA965 /* Products */ = {
			isa = PBXGroup;
			children = (
				EC197A922DFAA38A00CBA965 /* weatherman.app */,
				EC197A9F2DFAA38C00CBA965 /* weathermanTests.xctest */,
				EC197AA92DFAA38C00CBA965 /* weathermanUITests.xctest */,
			);
			name = Products;
			sourceTree = "<group>";
		};
/* End PBXGroup section */

/* Begin PBXNativeTarget section */
		EC197A912DFAA38A00CBA965 /* weatherman */ = {
			isa = PBXNativeTarget;
			buildConfigurationList = EC197AB32DFAA38C00CBA965 /* Build configuration list for PBXNativeTarget "weatherman" */;
			buildPhases = (
				EC197A8E2DFAA38A00CBA965 /* Sources */,
				EC197A8F2DFAA38A00CBA965 /* Frameworks */,
				EC197A902DFAA38A00CBA965 /* Resources */,
			);
			buildRules = (
			);
			dependencies = (
			);
			fileSystemSynchronizedGroups = (
				EC197A942DFAA38A00CBA965 /* weatherman */,
			);
			name = weatherman;
			packageProductDependencies = (
			);
			productName = weatherman;
			productReference = EC197A922DFAA38A00CBA965 /* weatherman.app */;
			productType = "com.apple.product-type.application";
		};
		EC197A9E2DFAA38C00CBA965 /* weathermanTests */ = {
			isa = PBXNativeTarget;
			buildConfigurationList = EC197AB62DFAA38C00CBA965 /* Build configuration list for PBXNativeTarget "weathermanTests" */;
			buildPhases = (
				EC197A9B2DFAA38C00CBA965 /* Sources */,
				EC197A9C2DFAA38C00CBA965 /* Frameworks */,
				EC197A9D2DFAA38C00CBA965 /* Resources */,
			);
			buildRules = (
			);
			dependencies = (
				EC197AA12DFAA38C00CBA965 /* PBXTargetDependency */,
			);
			fileSystemSynchronizedGroups = (
				EC197AA22DFAA38C00CBA965 /* weathermanTests */,
			);
			name = weathermanTests;
			packageProductDependencies = (
			);
			productName = weathermanTests;
			productReference = EC197A9F2DFAA38C00CBA965 /* weathermanTests.xctest */;
			productType = "com.apple.product-type.bundle.unit-test";
		};
		EC197AA82DFAA38C00CBA965 /* weathermanUITests */ = {
			isa = PBXNativeTarget;
			buildConfigurationList = EC197AB92DFAA38C00CBA965 /* Build configuration list for PBXNativeTarget "weathermanUITests" */;
			buildPhases = (
				EC197AA52DFAA38C00CBA965 /* Sources */,
				EC197AA62DFAA38C00CBA965 /* Frameworks */,
				EC197AA72DFAA38C00CBA965 /* Resources */,
			);
			buildRules = (
			);
			dependencies = (
				EC197AAB2DFAA38C00CBA965 /* PBXTargetDependency */,
			);
			fileSystemSynchronizedGroups = (
				EC197AAC2DFAA38C00CBA965 /* weathermanUITests */,
			);
			name = weathermanUITests;
			packageProductDependencies = (
			);
			productName = weathermanUITests;
			productReference = EC197AA92DFAA38C00CBA965 /* weathermanUITests.xctest */;
			productType = "com.apple.product-type.bundle.ui-testing";
		};
/* End PBXNativeTarget section */

/* Begin PBXProject section */
		EC197A8A2DFAA38A00CBA965 /* Project object */ = {
			isa = PBXProject;
			attributes = {
				BuildIndependentTargetsInParallel = 1;
				LastSwiftUpdateCheck = 1640;
				LastUpgradeCheck = 1640;
				TargetAttributes = {
					EC197A912DFAA38A00CBA965 = {
						CreatedOnToolsVersion = 16.4;
					};
					EC197A9E2DFAA38C00CBA965 = {
						CreatedOnToolsVersion = 16.4;
						TestTargetID = EC197A912DFAA38A00CBA965;
					};
					EC197AA82DFAA38C00CBA965 = {
						CreatedOnToolsVersion = 16.4;
						TestTargetID = EC197A912DFAA38A00CBA965;
					};
				};
			};
			buildConfigurationList = EC197A8D2DFAA38A00CBA965 /* Build configuration list for PBXProject "weatherman" */;
			developmentRegion = en;
			hasScannedForEncodings = 0;
			knownRegions = (
				en,
				Base,
			);
			mainGroup = EC197A892DFAA38A00CBA965;
			minimizedProjectReferenceProxies = 1;
			preferredProjectObjectVersion = 77;
			productRefGroup = EC197A932DFAA38A00CBA965 /* Products */;
			projectDirPath = "";
			projectRoot = "";
			targets = (
				EC197A912DFAA38A00CBA965 /* weatherman */,
				EC197A9E2DFAA38C00CBA965 /* weathermanTests */,
				EC197AA82DFAA38C00CBA965 /* weathermanUITests */,
			);
		};
/* End PBXProject section */

/* Begin PBXResourcesBuildPhase section */
		EC197A902DFAA38A00CBA965 /* Resources */ = {
			isa = PBXResourcesBuildPhase;
			buildActionMask = 2147483647;
			files = (
			);
			runOnlyForDeploymentPostprocessing = 0;
		};
		EC197A9D2DFAA38C00CBA965 /* Resources */ = {
			isa = PBXResourcesBuildPhase;
			buildActionMask = 2147483647;
			files = (
			);
			runOnlyForDeploymentPostprocessing = 0;
		};
		EC197AA72DFAA38C00CBA965 /* Resources */ = {
			isa = PBXResourcesBuildPhase;
			buildActionMask = 2147483647;
			files = (
			);
			runOnlyForDeploymentPostprocessing = 0;
		};
/* End PBXResourcesBuildPhase section */

/* Begin PBXSourcesBuildPhase section */
		EC197A8E2DFAA38A00CBA965 /* Sources */ = {
			isa = PBXSourcesBuildPhase;
			buildActionMask = 2147483647;
			files = (
			);
			runOnlyForDeploymentPostprocessing = 0;
		};
		EC197A9B2DFAA38C00CBA965 /* Sources */ = {
			isa = PBXSourcesBuildPhase;
			buildActionMask = 2147483647;
			files = (
			);
			runOnlyForDeploymentPostprocessing = 0;
		};
		EC197AA52DFAA38C00CBA965 /* Sources */ = {
			isa = PBXSourcesBuildPhase;
			buildActionMask = 2147483647;
			files = (
			);
			runOnlyForDeploymentPostprocessing = 0;
		};
/* End PBXSourcesBuildPhase section */

/* Begin PBXTargetDependency section */
		EC197AA12DFAA38C00CBA965 /* PBXTargetDependency */ = {
			isa = PBXTargetDependency;
			target = EC197A912DFAA38A00CBA965 /* weatherman */;
			targetProxy = EC197AA02DFAA38C00CBA965 /* PBXContainerItemProxy */;
		};
		EC197AAB2DFAA38C00CBA965 /* PBXTargetDependency */ = {
			isa = PBXTargetDependency;
			target = EC197A912DFAA38A00CBA965 /* weatherman */;
			targetProxy = EC197AAA2DFAA38C00CBA965 /* PBXContainerItemProxy */;
		};
/* End PBXTargetDependency section */

/* Begin XCBuildConfiguration section */
		EC197AB12DFAA38C00CBA965 /* Debug */ = {
			isa = XCBuildConfiguration;
			buildSettings = {
				ALWAYS_SEARCH_USER_PATHS = NO;
				ASSETCATALOG_COMPILER_GENERATE_SWIFT_ASSET_SYMBOL_EXTENSIONS = YES;
				CLANG_ANALYZER_NONNULL = YES;
				CLANG_ANALYZER_NUMBER_OBJECT_CONVERSION = YES_AGGRESSIVE;
				CLANG_CXX_LANGUAGE_STANDARD = "gnu++20";
				CLANG_ENABLE_MODULES = YES;
				CLANG_ENABLE_OBJC_ARC = YES;
				CLANG_ENABLE_OBJC_WEAK = YES;
				CLANG_WARN_BLOCK_CAPTURE_AUTORELEASING = YES;
				CLANG_WARN_BOOL_CONVERSION = YES;
				CLANG_WARN_COMMA = YES;
				CLANG_WARN_CONSTANT_CONVERSION = YES;
				CLANG_WARN_DEPRECATED_OBJC_IMPLEMENTATIONS = YES;
				CLANG_WARN_DIRECT_OBJC_ISA_USAGE = YES_ERROR;
				CLANG_WARN_DOCUMENTATION_COMMENTS = YES;
				CLANG_WARN_EMPTY_BODY = YES;
				CLANG_WARN_ENUM_CONVERSION = YES;
				CLANG_WARN_INFINITE_RECURSION = YES;
				CLANG_WARN_INT_CONVERSION = YES;
				CLANG_WARN_NON_LITERAL_NULL_CONVERSION = YES;
				CLANG_WARN_OBJC_IMPLICIT_RETAIN_SELF = YES;
				CLANG_WARN_OBJC_LITERAL_CONVERSION = YES;
				CLANG_WARN_OBJC_ROOT_CLASS = YES_ERROR;
				CLANG_WARN_QUOTED_INCLUDE_IN_FRAMEWORK_HEADER = YES;
				CLANG_WARN_RANGE_LOOP_ANALYSIS = YES;
				CLANG_WARN_STRICT_PROTOTYPES = YES;
				CLANG_WARN_SUSPICIOUS_MOVE = YES;
				CLANG_WARN_UNGUARDED_AVAILABILITY = YES_AGGRESSIVE;
				CLANG_WARN_UNREACHABLE_CODE = YES;
				CLANG_WARN__DUPLICATE_METHOD_MATCH = YES;
				COPY_PHASE_STRIP = NO;
				DEBUG_INFORMATION_FORMAT = dwarf;
				ENABLE_STRICT_OBJC_MSGSEND = YES;
				ENABLE_TESTABILITY = YES;
				ENABLE_USER_SCRIPT_SANDBOXING = YES;
				GCC_C_LANGUAGE_STANDARD = gnu17;
				GCC_DYNAMIC_NO_PIC = NO;
				GCC_NO_COMMON_BLOCKS = YES;
				GCC_OPTIMIZATION_LEVEL = 0;
				GCC_PREPROCESSOR_DEFINITIONS = (
					"DEBUG=1",
					"$(inherited)",
				);
				GCC_WARN_64_TO_32_BIT_CONVERSION = YES;
				GCC_WARN_ABOUT_RETURN_TYPE = YES_ERROR;
				GCC_WARN_UNDECLARED_SELECTOR = YES;
				GCC_WARN_UNINITIALIZED_AUTOS = YES_AGGRESSIVE;
				GCC_WARN_UNUSED_FUNCTION = YES;
				GCC_WARN_UNUSED_VARIABLE = YES;
				IPHONEOS_DEPLOYMENT_TARGET = 18.5;
				LOCALIZATION_PREFERS_STRING_CATALOGS = YES;
				MTL_ENABLE_DEBUG_INFO = INCLUDE_SOURCE;
				MTL_FAST_MATH = YES;
				ONLY_ACTIVE_ARCH = YES;
				SDKROOT = iphoneos;
				SWIFT_ACTIVE_COMPILATION_CONDITIONS = "DEBUG $(inherited)";
				SWIFT_OPTIMIZATION_LEVEL = "-Onone";
			};
			name = Debug;
		};
		EC197AB22DFAA38C00CBA965 /* Release */ = {
			isa = XCBuildConfiguration;
			buildSettings = {
				ALWAYS_SEARCH_USER_PATHS = NO;
				ASSETCATALOG_COMPILER_GENERATE_SWIFT_ASSET_SYMBOL_EXTENSIONS = YES;
				CLANG_ANALYZER_NONNULL = YES;
				CLANG_ANALYZER_NUMBER_OBJECT_CONVERSION = YES_AGGRESSIVE;
				CLANG_CXX_LANGUAGE_STANDARD = "gnu++20";
				CLANG_ENABLE_MODULES = YES;
				CLANG_ENABLE_OBJC_ARC = YES;
				CLANG_ENABLE_OBJC_WEAK = YES;
				CLANG_WARN_BLOCK_CAPTURE_AUTORELEASING = YES;
				CLANG_WARN_BOOL_CONVERSION = YES;
				CLANG_WARN_COMMA = YES;
				CLANG_WARN_CONSTANT_CONVERSION = YES;
				CLANG_WARN_DEPRECATED_OBJC_IMPLEMENTATIONS = YES;
				CLANG_WARN_DIRECT_OBJC_ISA_USAGE = YES_ERROR;
				CLANG_WARN_DOCUMENTATION_COMMENTS = YES;
				CLANG_WARN_EMPTY_BODY = YES;
				CLANG_WARN_ENUM_CONVERSION = YES;
				CLANG_WARN_INFINITE_RECURSION = YES;
				CLANG_WARN_INT_CONVERSION = YES;
				CLANG_WARN_NON_LITERAL_NULL_CONVERSION = YES;
				CLANG_WARN_OBJC_IMPLICIT_RETAIN_SELF = YES;
				CLANG_WARN_OBJC_LITERAL_CONVERSION = YES;
				CLANG_WARN_OBJC_ROOT_CLASS = YES_ERROR;
				CLANG_WARN_QUOTED_INCLUDE_IN_FRAMEWORK_HEADER = YES;
				CLANG_WARN_RANGE_LOOP_ANALYSIS = YES;
				CLANG_WARN_STRICT_PROTOTYPES = YES;
				CLANG_WARN_SUSPICIOUS_MOVE = YES;
				CLANG_WARN_UNGUARDED_AVAILABILITY = YES_AGGRESSIVE;
				CLANG_WARN_UNREACHABLE_CODE = YES;
				CLANG_WARN__DUPLICATE_METHOD_MATCH = YES;
				COPY_PHASE_STRIP = NO;
				DEBUG_INFORMATION_FORMAT = "dwarf-with-dsym";
				ENABLE_NS_ASSERTIONS = NO;
				ENABLE_STRICT_OBJC_MSGSEND = YES;
				ENABLE_USER_SCRIPT_SANDBOXING = YES;
				GCC_C_LANGUAGE_STANDARD = gnu17;
				GCC_NO_COMMON_BLOCKS = YES;
				GCC_WARN_64_TO_32_BIT_CONVERSION = YES;
				GCC_WARN_ABOUT_RETURN_TYPE = YES_ERROR;
				GCC_WARN_UNDECLARED_SELECTOR = YES;
				GCC_WARN_UNINITIALIZED_AUTOS = YES_AGGRESSIVE;
				GCC_WARN_UNUSED_FUNCTION = YES;
				GCC_WARN_UNUSED_VARIABLE = YES;
				IPHONEOS_DEPLOYMENT_TARGET = 18.5;
				LOCALIZATION_PREFERS_STRING_CATALOGS = YES;
				MTL_ENABLE_DEBUG_INFO = NO;
				MTL_FAST_MATH = YES;
				SDKROOT = iphoneos;
				SWIFT_COMPILATION_MODE = wholemodule;
				VALIDATE_PRODUCT = YES;
			};
			name = Release;
		};
		EC197AB42DFAA38C00CBA965 /* Debug */ = {
			isa = XCBuildConfiguration;
			buildSettings = {
				ASSETCATALOG_COMPILER_APPICON_NAME = AppIcon;
				ASSETCATALOG_COMPILER_GLOBAL_ACCENT_COLOR_NAME = AccentColor;
				CODE_SIGN_STYLE = Automatic;
				CURRENT_PROJECT_VERSION = 1;
				DEVELOPMENT_TEAM = E9PT7FP7N6;
				ENABLE_PREVIEWS = YES;
				GENERATE_INFOPLIST_FILE = YES;
				INFOPLIST_FILE = weatherman/Info.plist;
				INFOPLIST_KEY_NSLocationWhenInUseUsageDescription = "Lets do it man";
				INFOPLIST_KEY_UIApplicationSceneManifest_Generation = YES;
				INFOPLIST_KEY_UIApplicationSupportsIndirectInputEvents = YES;
				INFOPLIST_KEY_UILaunchScreen_Generation = YES;
				INFOPLIST_KEY_UISupportedInterfaceOrientations_iPad = "UIInterfaceOrientationPortrait UIInterfaceOrientationPortraitUpsideDown UIInterfaceOrientationLandscapeLeft UIInterfaceOrientationLandscapeRight";
				INFOPLIST_KEY_UISupportedInterfaceOrientations_iPhone = "UIInterfaceOrientationPortrait UIInterfaceOrientationLandscapeLeft UIInterfaceOrientationLandscapeRight";
				IPHONEOS_DEPLOYMENT_TARGET = 15.6;
				LD_RUNPATH_SEARCH_PATHS = (
					"$(inherited)",
					"@executable_path/Frameworks",
				);
				MARKETING_VERSION = 1.0;
				PRODUCT_BUNDLE_IDENTIFIER = info.chenliang.weatherman;
				PRODUCT_NAME = "$(TARGET_NAME)";
				SWIFT_EMIT_LOC_STRINGS = YES;
				SWIFT_VERSION = 5.0;
				TARGETED_DEVICE_FAMILY = "1,2";
			};
			name = Debug;
		};
		EC197AB52DFAA38C00CBA965 /* Release */ = {
			isa = XCBuildConfiguration;
			buildSettings = {
				ASSETCATALOG_COMPILER_APPICON_NAME = AppIcon;
				ASSETCATALOG_COMPILER_GLOBAL_ACCENT_COLOR_NAME = AccentColor;
				CODE_SIGN_STYLE = Automatic;
				CURRENT_PROJECT_VERSION = 1;
				DEVELOPMENT_TEAM = E9PT7FP7N6;
				ENABLE_PREVIEWS = YES;
				GENERATE_INFOPLIST_FILE = YES;
				INFOPLIST_FILE = weatherman/Info.plist;
				INFOPLIST_KEY_NSLocationWhenInUseUsageDescription = "Lets do it man";
				INFOPLIST_KEY_UIApplicationSceneManifest_Generation = YES;
				INFOPLIST_KEY_UIApplicationSupportsIndirectInputEvents = YES;
				INFOPLIST_KEY_UILaunchScreen_Generation = YES;
				INFOPLIST_KEY_UISupportedInterfaceOrientations_iPad = "UIInterfaceOrientationPortrait UIInterfaceOrientationPortraitUpsideDown UIInterfaceOrientationLandscapeLeft UIInterfaceOrientationLandscapeRight";
				INFOPLIST_KEY_UISupportedInterfaceOrientations_iPhone = "UIInterfaceOrientationPortrait UIInterfaceOrientationLandscapeLeft UIInterfaceOrientationLandscapeRight";
				IPHONEOS_DEPLOYMENT_TARGET = 15.6;
				LD_RUNPATH_SEARCH_PATHS = (
					"$(inherited)",
					"@executable_path/Frameworks",
				);
				MARKETING_VERSION = 1.0;
				PRODUCT_BUNDLE_IDENTIFIER = info.chenliang.weatherman;
				PRODUCT_NAME = "$(TARGET_NAME)";
				SWIFT_EMIT_LOC_STRINGS = YES;
				SWIFT_VERSION = 5.0;
				TARGETED_DEVICE_FAMILY = "1,2";
			};
			name = Release;
		};
		EC197AB72DFAA38C00CBA965 /* Debug */ = {
			isa = XCBuildConfiguration;
			buildSettings = {
				BUNDLE_LOADER = "$(TEST_HOST)";
				CODE_SIGN_STYLE = Automatic;
				CURRENT_PROJECT_VERSION = 1;
				GENERATE_INFOPLIST_FILE = YES;
				IPHONEOS_DEPLOYMENT_TARGET = 18.5;
				MARKETING_VERSION = 1.0;
				PRODUCT_BUNDLE_IDENTIFIER = info.chenliang.weathermanTests;
				PRODUCT_NAME = "$(TARGET_NAME)";
				SWIFT_EMIT_LOC_STRINGS = NO;
				SWIFT_VERSION = 5.0;
				TARGETED_DEVICE_FAMILY = "1,2";
				TEST_HOST = "$(BUILT_PRODUCTS_DIR)/weatherman.app/$(BUNDLE_EXECUTABLE_FOLDER_PATH)/weatherman";
			};
			name = Debug;
		};
		EC197AB82DFAA38C00CBA965 /* Release */ = {
			isa = XCBuildConfiguration;
			buildSettings = {
				BUNDLE_LOADER = "$(TEST_HOST)";
				CODE_SIGN_STYLE = Automatic;
				CURRENT_PROJECT_VERSION = 1;
				GENERATE_INFOPLIST_FILE = YES;
				IPHONEOS_DEPLOYMENT_TARGET = 18.5;
				MARKETING_VERSION = 1.0;
				PRODUCT_BUNDLE_IDENTIFIER = info.chenliang.weathermanTests;
				PRODUCT_NAME = "$(TARGET_NAME)";
				SWIFT_EMIT_LOC_STRINGS = NO;
				SWIFT_VERSION = 5.0;
				TARGETED_DEVICE_FAMILY = "1,2";
				TEST_HOST = "$(BUILT_PRODUCTS_DIR)/weatherman.app/$(BUNDLE_EXECUTABLE_FOLDER_PATH)/weatherman";
			};
			name = Release;
		};
		EC197ABA2DFAA38C00CBA965 /* Debug */ = {
			isa = XCBuildConfiguration;
			buildSettings = {
				CODE_SIGN_STYLE = Automatic;
				CURRENT_PROJECT_VERSION = 1;
				GENERATE_INFOPLIST_FILE = YES;
				MARKETING_VERSION = 1.0;
				PRODUCT_BUNDLE_IDENTIFIER = info.chenliang.weathermanUITests;
				PRODUCT_NAME = "$(TARGET_NAME)";
				SWIFT_EMIT_LOC_STRINGS = NO;
				SWIFT_VERSION = 5.0;
				TARGETED_DEVICE_FAMILY = "1,2";
				TEST_TARGET_NAME = weatherman;
			};
			name = Debug;
		};
		EC197ABB2DFAA38C00CBA965 /* Release */ = {
			isa = XCBuildConfiguration;
			buildSettings = {
				CODE_SIGN_STYLE = Automatic;
				CURRENT_PROJECT_VERSION = 1;
				GENERATE_INFOPLIST_FILE = YES;
				MARKETING_VERSION = 1.0;
				PRODUCT_BUNDLE_IDENTIFIER = info.chenliang.weathermanUITests;
				PRODUCT_NAME = "$(TARGET_NAME)";
				SWIFT_EMIT_LOC_STRINGS = NO;
				SWIFT_VERSION = 5.0;
				TARGETED_DEVICE_FAMILY = "1,2";
				TEST_TARGET_NAME = weatherman;
			};
			name = Release;
		};
/* End XCBuildConfiguration section */

/* Begin XCConfigurationList section */
		EC197A8D2DFAA38A00CBA965 /* Build configuration list for PBXProject "weatherman" */ = {
			isa = XCConfigurationList;
			buildConfigurations = (
				EC197AB12DFAA38C00CBA965 /* Debug */,
				EC197AB22DFAA38C00CBA965 /* Release */,
			);
			defaultConfigurationIsVisible = 0;
			defaultConfigurationName = Release;
		};
		EC197AB32DFAA38C00CBA965 /* Build configuration list for PBXNativeTarget "weatherman" */ = {
			isa = XCConfigurationList;
			buildConfigurations = (
				EC197AB42DFAA38C00CBA965 /* Debug */,
				EC197AB52DFAA38C00CBA965 /* Release */,
			);
			defaultConfigurationIsVisible = 0;
			defaultConfigurationName = Release;
		};
		EC197AB62DFAA38C00CBA965 /* Build configuration list for PBXNativeTarget "weathermanTests" */ = {
			isa = XCConfigurationList;
			buildConfigurations = (
				EC197AB72DFAA38C00CBA965 /* Debug */,
				EC197AB82DFAA38C00CBA965 /* Release */,
			);
			defaultConfigurationIsVisible = 0;
			defaultConfigurationName = Release;
		};
		EC197AB92DFAA38C00CBA965 /* Build configuration list for PBXNativeTarget "weathermanUITests" */ = {
			isa = XCConfigurationList;
			buildConfigurations = (
				EC197ABA2DFAA38C00CBA965 /* Debug */,
				EC197ABB2DFAA38C00CBA965 /* Release */,
			);
			defaultConfigurationIsVisible = 0;
			defaultConfigurationName = Release;
		};
/* End XCConfigurationList section */
	};
	rootObject = EC197A8A2DFAA38A00CBA965 /* Project object */;
}
